
Microsoft Visual Studio Solution File, Format Version 12.00
# Visual Studio Version 17
VisualStudioVersion = 17.10.35004.147
MinimumVisualStudioVersion = 10.0.40219.1
Project("{FAE04EC0-301F-11D3-BF4B-00C04F79EFBC}") = "ProjetoFixação2", "ProjetoFixação2\ProjetoFixação2.csproj", "{5068FDEA-6F0A-4F98-BA3B-9B570D06CC01}"
EndProject
Global
	GlobalSection(SolutionConfigurationPlatforms) = preSolution
		Debug|Any CPU = Debug|Any CPU
		Release|Any CPU = Release|Any CPU
	EndGlobalSection
	GlobalSection(ProjectConfigurationPlatforms) = postSolution
		{5068FDEA-6F0A-4F98-BA3B-9B570D06CC01}.Debug|Any CPU.ActiveCfg = Debug|Any CPU
		{5068FDEA-6F0A-4F98-BA3B-9B570D06CC01}.Debug|Any CPU.Build.0 = Debug|Any CPU
		{5068FDEA-6F0A-4F98-BA3B-9B570D06CC01}.Release|Any CPU.ActiveCfg = Release|Any CPU
		{5068FDEA-6F0A-4F98-BA3B-9B570D06CC01}.Release|Any CPU.Build.0 = Release|Any CPU
	EndGlobalSection
	GlobalSection(SolutionProperties) = preSolution
		HideSolutionNode = FALSE
	EndGlobalSection
	GlobalSection(ExtensibilityGlobals) = postSolution
		SolutionGuid = {3D2E18AA-FE21-41BB-A089-031B7A5F6310}
	EndGlobalSection
EndGlobal
